
Microsoft Visual Studio Solution File, Format Version 12.00
# Visual Studio 15
VisualStudioVersion = 15.0.27428.2037
MinimumVisualStudioVersion = 10.0.40219.1
Project("{F2A71F9B-5D33-465A-A702-920D77279786}") = "UnisinosHistory", "UnisinosHistory\UnisinosHistory.fsproj", "{B514AA36-C08C-4F4A-BE8F-7C45B28CBA90}"
EndProject
Global
	GlobalSection(SolutionConfigurationPlatforms) = preSolution
		Debug|Any CPU = Debug|Any CPU
		Release|Any CPU = Release|Any CPU
	EndGlobalSection
	GlobalSection(ProjectConfigurationPlatforms) = postSolution
		{B514AA36-C08C-4F4A-BE8F-7C45B28CBA90}.Debug|Any CPU.ActiveCfg = Debug|Any CPU
		{B514AA36-C08C-4F4A-BE8F-7C45B28CBA90}.Debug|Any CPU.Build.0 = Debug|Any CPU
		{B514AA36-C08C-4F4A-BE8F-7C45B28CBA90}.Release|Any CPU.ActiveCfg = Release|Any CPU
		{B514AA36-C08C-4F4A-BE8F-7C45B28CBA90}.Release|Any CPU.Build.0 = Release|Any CPU
	EndGlobalSection
	GlobalSection(SolutionProperties) = preSolution
		HideSolutionNode = FALSE
	EndGlobalSection
	GlobalSection(ExtensibilityGlobals) = postSolution
		SolutionGuid = {C1228087-750E-44C4-AA9E-78F814C0BF8C}
	EndGlobalSection
EndGlobal
