
Microsoft Visual Studio Solution File, Format Version 12.00
# Visual Studio 15
VisualStudioVersion = 15.0.27428.2037
MinimumVisualStudioVersion = 10.0.40219.1
Project("{F2A71F9B-5D33-465A-A702-920D77279786}") = "Samples", "Samples\Samples.fsproj", "{908F8BD1-0460-4BAE-876D-A8B223825BEF}"
EndProject
Global
	GlobalSection(SolutionConfigurationPlatforms) = preSolution
		Debug|Any CPU = Debug|Any CPU
		Release|Any CPU = Release|Any CPU
	EndGlobalSection
	GlobalSection(ProjectConfigurationPlatforms) = postSolution
		{908F8BD1-0460-4BAE-876D-A8B223825BEF}.Debug|Any CPU.ActiveCfg = Debug|Any CPU
		{908F8BD1-0460-4BAE-876D-A8B223825BEF}.Debug|Any CPU.Build.0 = Debug|Any CPU
		{908F8BD1-0460-4BAE-876D-A8B223825BEF}.Release|Any CPU.ActiveCfg = Release|Any CPU
		{908F8BD1-0460-4BAE-876D-A8B223825BEF}.Release|Any CPU.Build.0 = Release|Any CPU
	EndGlobalSection
	GlobalSection(SolutionProperties) = preSolution
		HideSolutionNode = FALSE
	EndGlobalSection
	GlobalSection(ExtensibilityGlobals) = postSolution
		SolutionGuid = {136B026D-EA4E-44C2-8041-AD9B352CBCF0}
	EndGlobalSection
EndGlobal
